PODS:
  - BaseUiKit (1.0)
  - CommonCoreDi (1.0):
    - Swinject
  - CommonCoreNetwork (1.0):
    - CommonCoreDi
  - DivKit (29.15.1):
    - DivKit_LayoutKit (= 29.15.1)
    - DivKit_Serialization (= 29.15.1)
    - VGSLCommonCore (~> 4.1)
    - VGSLNetworking (~> 4.1)
  - DivKit_LayoutKit (29.15.1):
    - DivKit_LayoutKitInterface (= 29.15.1)
    - VGSLCommonCore (~> 4.1)
    - VGSLNetworking (~> 4.1)
  - DivKit_LayoutKitInterface (29.15.1):
    - VGSLBase (~> 4.1)
    - VGSLBaseTiny (~> 4.1)
    - VGSLBaseUI (~> 4.1)
  - DivKit_Serialization (29.15.1):
    - VGSLCommonCore (~> 4.1)
  - DivkitData (1.0):
    - CommonCoreDi
    - CommonCoreNetwork
    - DivkitDomain
  - DivkitDomain (1.0):
    - CommonCoreDi
  - DivkitFeature (1.0):
    - BaseUiKit
    - CommonCoreDi
    - DivKit (= 29.15.1)
    - DivkitData
    - DivkitDomain
  - Swinject (2.8.8)
  - VGSL_Fundamentals (4.2.0):
    - VGSL_Fundamentals_Tiny (= 4.2.0)
  - VGSL_Fundamentals_Tiny (4.2.0)
  - VGSLBase (4.2.0):
    - VGSL_Fundamentals (= 4.2.0)
    - VGSLBaseTiny (= 4.2.0)
    - VGSLBaseUI (= 4.2.0)
  - VGSLBaseTiny (4.2.0):
    - VGSL_Fundamentals_Tiny (= 4.2.0)
  - VGSLBaseUI (4.2.0):
    - VGSLBaseTiny (= 4.2.0)
  - VGSLCommonCore (4.2.0):
    - VGSLBase (= 4.2.0)
  - VGSLNetworking (4.2.0):
    - VGSLBase (= 4.2.0)

DEPENDENCIES:
  - BaseUiKit (from `./Modules/BaseUiKit`)
  - CommonCoreDi (from `./Modules/CommonCoreDi`)
  - CommonCoreNetwork (from `./Modules/CommonCoreNetwork`)
  - DivkitData (from `./Modules/DivkitData`)
  - DivkitDomain (from `./Modules/DivkitDomain`)
  - DivkitFeature (from `./Modules/DivkitFeature`)

SPEC REPOS:
  trunk:
    - DivKit
    - DivKit_LayoutKit
    - DivKit_LayoutKitInterface
    - DivKit_Serialization
    - Swinject
    - VGSL_Fundamentals
    - VGSL_Fundamentals_Tiny
    - VGSLBase
    - VGSLBaseTiny
    - VGSLBaseUI
    - VGSLCommonCore
    - VGSLNetworking

EXTERNAL SOURCES:
  BaseUiKit:
    :path: "./Modules/BaseUiKit"
  CommonCoreDi:
    :path: "./Modules/CommonCoreDi"
  CommonCoreNetwork:
    :path: "./Modules/CommonCoreNetwork"
  DivkitData:
    :path: "./Modules/DivkitData"
  DivkitDomain:
    :path: "./Modules/DivkitDomain"
  DivkitFeature:
    :path: "./Modules/DivkitFeature"

SPEC CHECKSUMS:
  BaseUiKit: e8493dcf18172279038e03668cf3e6165f463cc9
  CommonCoreDi: 506b790d369bd1309922c5499a7dbf14f6ae5286
  CommonCoreNetwork: 3fdba1549b3f4cd5b0d1bc5452cc1cae5e496a56
  DivKit: 96a1189bbb1286544119551819db721237edc49a
  DivKit_LayoutKit: d8cd3826a2d004b159517d514e1580467f89efc3
  DivKit_LayoutKitInterface: 805245d61e6525632171de529592afb880692cae
  DivKit_Serialization: 3921944d94687b824d79bad54ae9811326fc36ca
  DivkitData: a2087d40b40655638f7ea1813fdf472f21be42ff
  DivkitDomain: 6bea349b749761a94ffed0cb253e4dfcbb17735e
  DivkitFeature: 016a9201d11f999bec6fb1a4b1af9031ef5592c5
  Swinject: 2943463cdd58b49f114213bf1ce4a09f374828e7
  VGSL_Fundamentals: 5967995b1ff711ef1fdd459bd07d0b2890478e5c
  VGSL_Fundamentals_Tiny: 37acd9341007d21a4d6a3b07e74803c3ed8410eb
  VGSLBase: 1142504ccd655d0e0cf89691df47e780f633d25a
  VGSLBaseTiny: 43fe5f51ecac7bc41a66c6c25f06256a3106e390
  VGSLBaseUI: aac2f8706940763e672d83d96ff2666643b14ef1
  VGSLCommonCore: 36d3b0cd249a982961bddbc9682286654e4b66c8
  VGSLNetworking: 1852dcdd30783aecdf83c57a5cb9ba7fab86b86b

PODFILE CHECKSUM: bd1fddaa1fc12e7314e4d6df94185b99102f1efb

COCOAPODS: 1.11.3
