// !$*UTF8*$!
{
	archiveVersion = 1;
	classes = {
	};
	objectVersion = 56;
	objects = {

/* Begin PBXBuildFile section */
		680B17AC6519DD7FC4E83BCB /* libPods-News.a in Frameworks */ = {isa = PBXBuildFile; fileRef = 17E9021B6A103AF0E41B8374 /* libPods-News.a */; };
		CC449CD32BF6CAE800DBAD6F /* AppDelegate.swift in Sources */ = {isa = PBXBuildFile; fileRef = CC449CD22BF6CAE800DBAD6F /* AppDelegate.swift */; };
		CC449CD52BF6CAE800DBAD6F /* SceneDelegate.swift in Sources */ = {isa = PBXBuildFile; fileRef = CC449CD42BF6CAE800DBAD6F /* SceneDelegate.swift */; };
		CC449CD72BF6CAE800DBAD6F /* ViewController.swift in Sources */ = {isa = PBXBuildFile; fileRef = CC449CD62BF6CAE800DBAD6F /* ViewController.swift */; };
		CC449CDC2BF6CAEA00DBAD6F /* Assets.xcassets in Resources */ = {isa = PBXBuildFile; fileRef = CC449CDB2BF6CAEA00DBAD6F /* Assets.xcassets */; };
		CC449CEC2BF6CFC100DBAD6F /* CommonCoreDi.podspec in Resources */ = {isa = PBXBuildFile; fileRef = CC449CEB2BF6CFC100DBAD6F /* CommonCoreDi.podspec */; };
		CC6A756F2BF7BA8F004ABDF2 /* ViewDataDto.swift in Sources */ = {isa = PBXBuildFile; fileRef = CC6A756E2BF7BA8F004ABDF2 /* ViewDataDto.swift */; };
		CC6A75712BF7BB44004ABDF2 /* PatchDataDto.swift in Sources */ = {isa = PBXBuildFile; fileRef = CC6A75702BF7BB44004ABDF2 /* PatchDataDto.swift */; };
		CC6A75732BF7C818004ABDF2 /* DivkitRepositoryImpl.swift in Sources */ = {isa = PBXBuildFile; fileRef = CC6A75722BF7C818004ABDF2 /* DivkitRepositoryImpl.swift */; };
		CC6A75772BF7C96B004ABDF2 /* DivkitDataModule.swift in Sources */ = {isa = PBXBuildFile; fileRef = CC6A75762BF7C96B004ABDF2 /* DivkitDataModule.swift */; };
		CCCCF3822BF6D0A60060F8AC /* Inject.swift in Sources */ = {isa = PBXBuildFile; fileRef = CCCCF3812BF6D0A60060F8AC /* Inject.swift */; };
		CCCCF3862BF6D3D80060F8AC /* CommonCoreNetwork.podspec in Resources */ = {isa = PBXBuildFile; fileRef = CCCCF3842BF6D3D80060F8AC /* CommonCoreNetwork.podspec */; };
		CCCCF3882BF6D5630060F8AC /* HttpClient.swift in Sources */ = {isa = PBXBuildFile; fileRef = CCCCF3872BF6D5630060F8AC /* HttpClient.swift */; };
		CCCCF38A2BF6D5A20060F8AC /* NetworkModule.swift in Sources */ = {isa = PBXBuildFile; fileRef = CCCCF3892BF6D5A20060F8AC /* NetworkModule.swift */; };
		CCCCF3972BF6D9C00060F8AC /* BaseUiKit.podspec in Resources */ = {isa = PBXBuildFile; fileRef = CCCCF3962BF6D9C00060F8AC /* BaseUiKit.podspec */; };
		CCCCF39A2BF6D9CF0060F8AC /* MvpDelegate.swift in Sources */ = {isa = PBXBuildFile; fileRef = CCCCF3992BF6D9CF0060F8AC /* MvpDelegate.swift */; };
		CCCCF39C2BF6DA170060F8AC /* MvpView.swift in Sources */ = {isa = PBXBuildFile; fileRef = CCCCF39B2BF6DA170060F8AC /* MvpView.swift */; };
		CCCCF39E2BF6DA5D0060F8AC /* MvpPresenter.swift in Sources */ = {isa = PBXBuildFile; fileRef = CCCCF39D2BF6DA5D0060F8AC /* MvpPresenter.swift */; };
		CCCCF3A02BF6DE560060F8AC /* MvpViewController.swift in Sources */ = {isa = PBXBuildFile; fileRef = CCCCF39F2BF6DE560060F8AC /* MvpViewController.swift */; };
		CCCCF3A22BF6DFB70060F8AC /* MvpUIView.swift in Sources */ = {isa = PBXBuildFile; fileRef = CCCCF3A12BF6DFB70060F8AC /* MvpUIView.swift */; };
		CCCCF3A52BF6E0250060F8AC /* UIColorUtils.swift in Sources */ = {isa = PBXBuildFile; fileRef = CCCCF3A42BF6E0250060F8AC /* UIColorUtils.swift */; };
		CCCCF3A72BF6E0360060F8AC /* UIViewUtils.swift in Sources */ = {isa = PBXBuildFile; fileRef = CCCCF3A62BF6E0360060F8AC /* UIViewUtils.swift */; };
		CCCCF3BA2BF6E1A70060F8AC /* DivkitDomain.podspec in Resources */ = {isa = PBXBuildFile; fileRef = CCCCF3B92BF6E1A70060F8AC /* DivkitDomain.podspec */; };
		CCCCF3BD2BF6E1CC0060F8AC /* DivkitDomainModule.swift in Sources */ = {isa = PBXBuildFile; fileRef = CCCCF3BC2BF6E1CC0060F8AC /* DivkitDomainModule.swift */; };
		CCCCF3BF2BF6E1D40060F8AC /* DivkitRepository.swift in Sources */ = {isa = PBXBuildFile; fileRef = CCCCF3BE2BF6E1D40060F8AC /* DivkitRepository.swift */; };
		CCCCF3C12BF6E1EF0060F8AC /* ViewData.swift in Sources */ = {isa = PBXBuildFile; fileRef = CCCCF3C02BF6E1EF0060F8AC /* ViewData.swift */; };
		CCCCF3C32BF6E2130060F8AC /* ViewPatchData.swift in Sources */ = {isa = PBXBuildFile; fileRef = CCCCF3C22BF6E2130060F8AC /* ViewPatchData.swift */; };
		CCCCF3C52BF6E2610060F8AC /* GetViewDataUseCase.swift in Sources */ = {isa = PBXBuildFile; fileRef = CCCCF3C42BF6E2610060F8AC /* GetViewDataUseCase.swift */; };
		CCCCF3C72BF6E2AA0060F8AC /* GetViewPatchDataUseCase.swift in Sources */ = {isa = PBXBuildFile; fileRef = CCCCF3C62BF6E2AA0060F8AC /* GetViewPatchDataUseCase.swift */; };
		CCCCF3E62BF6E44C0060F8AC /* DivkitData.podspec in Resources */ = {isa = PBXBuildFile; fileRef = CCCCF3E52BF6E44C0060F8AC /* DivkitData.podspec */; };
		CCCCF3FF2BF6E4960060F8AC /* DivkitHttpClient.swift in Sources */ = {isa = PBXBuildFile; fileRef = CCCCF3FE2BF6E4960060F8AC /* DivkitHttpClient.swift */; };
		CCCCF4192BF6E5B80060F8AC /* DivkitHttpClientConfig.swift in Sources */ = {isa = PBXBuildFile; fileRef = CCCCF4182BF6E5B80060F8AC /* DivkitHttpClientConfig.swift */; };
		CCCCF41B2BF6E5CD0060F8AC /* DivkitHttpClientConfigProvider.swift in Sources */ = {isa = PBXBuildFile; fileRef = CCCCF41A2BF6E5CD0060F8AC /* DivkitHttpClientConfigProvider.swift */; };
		CCCCF41D2BF6E9850060F8AC /* DivkitNetworkDataSource.swift in Sources */ = {isa = PBXBuildFile; fileRef = CCCCF41C2BF6E9850060F8AC /* DivkitNetworkDataSource.swift */; };
/* End PBXBuildFile section */

/* Begin PBXFileReference section */
		17E9021B6A103AF0E41B8374 /* libPods-News.a */ = {isa = PBXFileReference; explicitFileType = archive.ar; includeInIndex = 0; path = "libPods-News.a"; sourceTree = BUILT_PRODUCTS_DIR; };
		22D0C577856C62D0508A6584 /* Pods-News.debug.xcconfig */ = {isa = PBXFileReference; includeInIndex = 1; lastKnownFileType = text.xcconfig; name = "Pods-News.debug.xcconfig"; path = "Target Support Files/Pods-News/Pods-News.debug.xcconfig"; sourceTree = "<group>"; };
		7A2A3037599CDF34D5F27F24 /* Pods-News.release.xcconfig */ = {isa = PBXFileReference; includeInIndex = 1; lastKnownFileType = text.xcconfig; name = "Pods-News.release.xcconfig"; path = "Target Support Files/Pods-News/Pods-News.release.xcconfig"; sourceTree = "<group>"; };
		CC449CCF2BF6CAE800DBAD6F /* News.app */ = {isa = PBXFileReference; explicitFileType = wrapper.application; includeInIndex = 0; path = News.app; sourceTree = BUILT_PRODUCTS_DIR; };
		CC449CD22BF6CAE800DBAD6F /* AppDelegate.swift */ = {isa = PBXFileReference; lastKnownFileType = sourcecode.swift; path = AppDelegate.swift; sourceTree = "<group>"; };
		CC449CD42BF6CAE800DBAD6F /* SceneDelegate.swift */ = {isa = PBXFileReference; lastKnownFileType = sourcecode.swift; path = SceneDelegate.swift; sourceTree = "<group>"; };
		CC449CD62BF6CAE800DBAD6F /* ViewController.swift */ = {isa = PBXFileReference; lastKnownFileType = sourcecode.swift; path = ViewController.swift; sourceTree = "<group>"; };
		CC449CDB2BF6CAEA00DBAD6F /* Assets.xcassets */ = {isa = PBXFileReference; lastKnownFileType = folder.assetcatalog; path = Assets.xcassets; sourceTree = "<group>"; };
		CC449CE02BF6CAEA00DBAD6F /* Info.plist */ = {isa = PBXFileReference; lastKnownFileType = text.plist.xml; path = Info.plist; sourceTree = "<group>"; };
		CC449CEB2BF6CFC100DBAD6F /* CommonCoreDi.podspec */ = {isa = PBXFileReference; fileEncoding = 4; lastKnownFileType = text; path = CommonCoreDi.podspec; sourceTree = "<group>"; };
		CC6A756E2BF7BA8F004ABDF2 /* ViewDataDto.swift */ = {isa = PBXFileReference; lastKnownFileType = sourcecode.swift; path = ViewDataDto.swift; sourceTree = "<group>"; };
		CC6A75702BF7BB44004ABDF2 /* PatchDataDto.swift */ = {isa = PBXFileReference; lastKnownFileType = sourcecode.swift; path = PatchDataDto.swift; sourceTree = "<group>"; };
		CC6A75722BF7C818004ABDF2 /* DivkitRepositoryImpl.swift */ = {isa = PBXFileReference; lastKnownFileType = sourcecode.swift; path = DivkitRepositoryImpl.swift; sourceTree = "<group>"; };
		CC6A75762BF7C96B004ABDF2 /* DivkitDataModule.swift */ = {isa = PBXFileReference; lastKnownFileType = sourcecode.swift; path = DivkitDataModule.swift; sourceTree = "<group>"; };
		CCCCF3812BF6D0A60060F8AC /* Inject.swift */ = {isa = PBXFileReference; lastKnownFileType = sourcecode.swift; path = Inject.swift; sourceTree = "<group>"; };
		CCCCF3842BF6D3D80060F8AC /* CommonCoreNetwork.podspec */ = {isa = PBXFileReference; fileEncoding = 4; lastKnownFileType = text; path = CommonCoreNetwork.podspec; sourceTree = "<group>"; };
		CCCCF3872BF6D5630060F8AC /* HttpClient.swift */ = {isa = PBXFileReference; lastKnownFileType = sourcecode.swift; path = HttpClient.swift; sourceTree = "<group>"; };
		CCCCF3892BF6D5A20060F8AC /* NetworkModule.swift */ = {isa = PBXFileReference; lastKnownFileType = sourcecode.swift; path = NetworkModule.swift; sourceTree = "<group>"; };
		CCCCF3962BF6D9C00060F8AC /* BaseUiKit.podspec */ = {isa = PBXFileReference; fileEncoding = 4; lastKnownFileType = text; path = BaseUiKit.podspec; sourceTree = "<group>"; };
		CCCCF3992BF6D9CF0060F8AC /* MvpDelegate.swift */ = {isa = PBXFileReference; lastKnownFileType = sourcecode.swift; path = MvpDelegate.swift; sourceTree = "<group>"; };
		CCCCF39B2BF6DA170060F8AC /* MvpView.swift */ = {isa = PBXFileReference; lastKnownFileType = sourcecode.swift; path = MvpView.swift; sourceTree = "<group>"; };
		CCCCF39D2BF6DA5D0060F8AC /* MvpPresenter.swift */ = {isa = PBXFileReference; lastKnownFileType = sourcecode.swift; path = MvpPresenter.swift; sourceTree = "<group>"; };
		CCCCF39F2BF6DE560060F8AC /* MvpViewController.swift */ = {isa = PBXFileReference; lastKnownFileType = sourcecode.swift; path = MvpViewController.swift; sourceTree = "<group>"; };
		CCCCF3A12BF6DFB70060F8AC /* MvpUIView.swift */ = {isa = PBXFileReference; lastKnownFileType = sourcecode.swift; path = MvpUIView.swift; sourceTree = "<group>"; };
		CCCCF3A42BF6E0250060F8AC /* UIColorUtils.swift */ = {isa = PBXFileReference; lastKnownFileType = sourcecode.swift; path = UIColorUtils.swift; sourceTree = "<group>"; };
		CCCCF3A62BF6E0360060F8AC /* UIViewUtils.swift */ = {isa = PBXFileReference; lastKnownFileType = sourcecode.swift; path = UIViewUtils.swift; sourceTree = "<group>"; };
		CCCCF3B92BF6E1A70060F8AC /* DivkitDomain.podspec */ = {isa = PBXFileReference; fileEncoding = 4; lastKnownFileType = text; path = DivkitDomain.podspec; sourceTree = "<group>"; };
		CCCCF3BC2BF6E1CC0060F8AC /* DivkitDomainModule.swift */ = {isa = PBXFileReference; lastKnownFileType = sourcecode.swift; path = DivkitDomainModule.swift; sourceTree = "<group>"; };
		CCCCF3BE2BF6E1D40060F8AC /* DivkitRepository.swift */ = {isa = PBXFileReference; lastKnownFileType = sourcecode.swift; path = DivkitRepository.swift; sourceTree = "<group>"; };
		CCCCF3C02BF6E1EF0060F8AC /* ViewData.swift */ = {isa = PBXFileReference; lastKnownFileType = sourcecode.swift; path = ViewData.swift; sourceTree = "<group>"; };
		CCCCF3C22BF6E2130060F8AC /* ViewPatchData.swift */ = {isa = PBXFileReference; lastKnownFileType = sourcecode.swift; path = ViewPatchData.swift; sourceTree = "<group>"; };
		CCCCF3C42BF6E2610060F8AC /* GetViewDataUseCase.swift */ = {isa = PBXFileReference; lastKnownFileType = sourcecode.swift; path = GetViewDataUseCase.swift; sourceTree = "<group>"; };
		CCCCF3C62BF6E2AA0060F8AC /* GetViewPatchDataUseCase.swift */ = {isa = PBXFileReference; lastKnownFileType = sourcecode.swift; path = GetViewPatchDataUseCase.swift; sourceTree = "<group>"; };
		CCCCF3E52BF6E44C0060F8AC /* DivkitData.podspec */ = {isa = PBXFileReference; fileEncoding = 4; lastKnownFileType = text; path = DivkitData.podspec; sourceTree = "<group>"; };
		CCCCF3FE2BF6E4960060F8AC /* DivkitHttpClient.swift */ = {isa = PBXFileReference; lastKnownFileType = sourcecode.swift; path = DivkitHttpClient.swift; sourceTree = "<group>"; };
		CCCCF4182BF6E5B80060F8AC /* DivkitHttpClientConfig.swift */ = {isa = PBXFileReference; lastKnownFileType = sourcecode.swift; path = DivkitHttpClientConfig.swift; sourceTree = "<group>"; };
		CCCCF41A2BF6E5CD0060F8AC /* DivkitHttpClientConfigProvider.swift */ = {isa = PBXFileReference; lastKnownFileType = sourcecode.swift; path = DivkitHttpClientConfigProvider.swift; sourceTree = "<group>"; };
		CCCCF41C2BF6E9850060F8AC /* DivkitNetworkDataSource.swift */ = {isa = PBXFileReference; lastKnownFileType = sourcecode.swift; path = DivkitNetworkDataSource.swift; sourceTree = "<group>"; };
/* End PBXFileReference section */

/* Begin PBXFrameworksBuildPhase section */
		CC449CCC2BF6CAE800DBAD6F /* Frameworks */ = {
			isa = PBXFrameworksBuildPhase;
			buildActionMask = 2147483647;
			files = (
				680B17AC6519DD7FC4E83BCB /* libPods-News.a in Frameworks */,
			);
			runOnlyForDeploymentPostprocessing = 0;
		};
/* End PBXFrameworksBuildPhase section */

/* Begin PBXGroup section */
		75C5BB2CDB34595EE5137911 /* Pods */ = {
			isa = PBXGroup;
			children = (
				22D0C577856C62D0508A6584 /* Pods-News.debug.xcconfig */,
				7A2A3037599CDF34D5F27F24 /* Pods-News.release.xcconfig */,
			);
			path = Pods;
			sourceTree = "<group>";
		};
		8E458921633074AC284F32D2 /* Frameworks */ = {
			isa = PBXGroup;
			children = (
				17E9021B6A103AF0E41B8374 /* libPods-News.a */,
			);
			name = Frameworks;
			sourceTree = "<group>";
		};
		CC449CC62BF6CAE800DBAD6F = {
			isa = PBXGroup;
			children = (
				CC449CE62BF6CF1500DBAD6F /* Modules */,
				CC449CD12BF6CAE800DBAD6F /* News */,
				CC449CD02BF6CAE800DBAD6F /* Products */,
				75C5BB2CDB34595EE5137911 /* Pods */,
				8E458921633074AC284F32D2 /* Frameworks */,
			);
			sourceTree = "<group>";
		};
		CC449CD02BF6CAE800DBAD6F /* Products */ = {
			isa = PBXGroup;
			children = (
				CC449CCF2BF6CAE800DBAD6F /* News.app */,
			);
			name = Products;
			sourceTree = "<group>";
		};
		CC449CD12BF6CAE800DBAD6F /* News */ = {
			isa = PBXGroup;
			children = (
				CC449CD22BF6CAE800DBAD6F /* AppDelegate.swift */,
				CC449CD42BF6CAE800DBAD6F /* SceneDelegate.swift */,
				CC449CD62BF6CAE800DBAD6F /* ViewController.swift */,
				CC449CDB2BF6CAEA00DBAD6F /* Assets.xcassets */,
				CC449CE02BF6CAEA00DBAD6F /* Info.plist */,
			);
			path = News;
			sourceTree = "<group>";
		};
		CC449CE62BF6CF1500DBAD6F /* Modules */ = {
			isa = PBXGroup;
			children = (
				CCCCF3E42BF6E4120060F8AC /* DivkitData */,
				CCCCF3B82BF6E1580060F8AC /* DivkitDomain */,
				CCCCF3952BF6D9410060F8AC /* BaseUiKit */,
				CCCCF3852BF6D3D80060F8AC /* CommonCoreNetwork */,
				CC449CE72BF6CF2C00DBAD6F /* CommonCoreDi */,
			);
			path = Modules;
			sourceTree = "<group>";
		};
		CC449CE72BF6CF2C00DBAD6F /* CommonCoreDi */ = {
			isa = PBXGroup;
			children = (
				CC449CED2BF6CFC700DBAD6F /* Sources */,
				CC449CEB2BF6CFC100DBAD6F /* CommonCoreDi.podspec */,
			);
			path = CommonCoreDi;
			sourceTree = "<group>";
		};
		CC449CED2BF6CFC700DBAD6F /* Sources */ = {
			isa = PBXGroup;
			children = (
				CCCCF3812BF6D0A60060F8AC /* Inject.swift */,
			);
			path = Sources;
			sourceTree = "<group>";
		};
		CCCCF3832BF6D3D80060F8AC /* Sources */ = {
			isa = PBXGroup;
			children = (
				CCCCF3872BF6D5630060F8AC /* HttpClient.swift */,
				CCCCF3892BF6D5A20060F8AC /* NetworkModule.swift */,
			);
			path = Sources;
			sourceTree = "<group>";
		};
		CCCCF3852BF6D3D80060F8AC /* CommonCoreNetwork */ = {
			isa = PBXGroup;
			children = (
				CCCCF3832BF6D3D80060F8AC /* Sources */,
				CCCCF3842BF6D3D80060F8AC /* CommonCoreNetwork.podspec */,
			);
			path = CommonCoreNetwork;
			sourceTree = "<group>";
		};
		CCCCF3952BF6D9410060F8AC /* BaseUiKit */ = {
			isa = PBXGroup;
			children = (
				CCCCF3A32BF6E0120060F8AC /* Utils */,
				CCCCF3982BF6D9C30060F8AC /* Mvp */,
				CCCCF3962BF6D9C00060F8AC /* BaseUiKit.podspec */,
			);
			path = BaseUiKit;
			sourceTree = "<group>";
		};
		CCCCF3982BF6D9C30060F8AC /* Mvp */ = {
			isa = PBXGroup;
			children = (
				CCCCF3992BF6D9CF0060F8AC /* MvpDelegate.swift */,
				CCCCF39B2BF6DA170060F8AC /* MvpView.swift */,
				CCCCF39D2BF6DA5D0060F8AC /* MvpPresenter.swift */,
				CCCCF39F2BF6DE560060F8AC /* MvpViewController.swift */,
				CCCCF3A12BF6DFB70060F8AC /* MvpUIView.swift */,
			);
			path = Mvp;
			sourceTree = "<group>";
		};
		CCCCF3A32BF6E0120060F8AC /* Utils */ = {
			isa = PBXGroup;
			children = (
				CCCCF3A42BF6E0250060F8AC /* UIColorUtils.swift */,
				CCCCF3A62BF6E0360060F8AC /* UIViewUtils.swift */,
			);
			path = Utils;
			sourceTree = "<group>";
		};
		CCCCF3B82BF6E1580060F8AC /* DivkitDomain */ = {
			isa = PBXGroup;
			children = (
				CCCCF3BB2BF6E1AA0060F8AC /* Sources */,
				CCCCF3B92BF6E1A70060F8AC /* DivkitDomain.podspec */,
			);
			path = DivkitDomain;
			sourceTree = "<group>";
		};
		CCCCF3BB2BF6E1AA0060F8AC /* Sources */ = {
			isa = PBXGroup;
			children = (
				CCCCF3BC2BF6E1CC0060F8AC /* DivkitDomainModule.swift */,
				CCCCF3BE2BF6E1D40060F8AC /* DivkitRepository.swift */,
				CCCCF3C02BF6E1EF0060F8AC /* ViewData.swift */,
				CCCCF3C22BF6E2130060F8AC /* ViewPatchData.swift */,
				CCCCF3C42BF6E2610060F8AC /* GetViewDataUseCase.swift */,
				CCCCF3C62BF6E2AA0060F8AC /* GetViewPatchDataUseCase.swift */,
			);
			path = Sources;
			sourceTree = "<group>";
		};
		CCCCF3E42BF6E4120060F8AC /* DivkitData */ = {
			isa = PBXGroup;
			children = (
				CCCCF3E72BF6E4500060F8AC /* Sources */,
				CCCCF3E52BF6E44C0060F8AC /* DivkitData.podspec */,
			);
			path = DivkitData;
			sourceTree = "<group>";
		};
		CCCCF3E72BF6E4500060F8AC /* Sources */ = {
			isa = PBXGroup;
			children = (
				CCCCF3FE2BF6E4960060F8AC /* DivkitHttpClient.swift */,
				CCCCF4182BF6E5B80060F8AC /* DivkitHttpClientConfig.swift */,
				CCCCF41A2BF6E5CD0060F8AC /* DivkitHttpClientConfigProvider.swift */,
				CCCCF41C2BF6E9850060F8AC /* DivkitNetworkDataSource.swift */,
				CC6A756E2BF7BA8F004ABDF2 /* ViewDataDto.swift */,
				CC6A75702BF7BB44004ABDF2 /* PatchDataDto.swift */,
				CC6A75722BF7C818004ABDF2 /* DivkitRepositoryImpl.swift */,
				CC6A75762BF7C96B004ABDF2 /* DivkitDataModule.swift */,
			);
			path = Sources;
			sourceTree = "<group>";
		};
/* End PBXGroup section */

/* Begin PBXNativeTarget section */
		CC449CCE2BF6CAE800DBAD6F /* News */ = {
			isa = PBXNativeTarget;
			buildConfigurationList = CC449CE32BF6CAEA00DBAD6F /* Build configuration list for PBXNativeTarget "News" */;
			buildPhases = (
				274E7BD09E76C89ED175BADF /* [CP] Check Pods Manifest.lock */,
				CC449CCB2BF6CAE800DBAD6F /* Sources */,
				CC449CCC2BF6CAE800DBAD6F /* Frameworks */,
				CC449CCD2BF6CAE800DBAD6F /* Resources */,
				51A1BF12FE186DB421365724 /* [CP] Copy Pods Resources */,
			);
			buildRules = (
			);
			dependencies = (
			);
			name = News;
			productName = News;
			productReference = CC449CCF2BF6CAE800DBAD6F /* News.app */;
			productType = "com.apple.product-type.application";
		};
/* End PBXNativeTarget section */

/* Begin PBXProject section */
		CC449CC72BF6CAE800DBAD6F /* Project object */ = {
			isa = PBXProject;
			attributes = {
				BuildIndependentTargetsInParallel = 1;
				LastSwiftUpdateCheck = 1530;
				LastUpgradeCheck = 1530;
				TargetAttributes = {
					CC449CCE2BF6CAE800DBAD6F = {
						CreatedOnToolsVersion = 15.3;
					};
				};
			};
			buildConfigurationList = CC449CCA2BF6CAE800DBAD6F /* Build configuration list for PBXProject "News" */;
			compatibilityVersion = "Xcode 14.0";
			developmentRegion = en;
			hasScannedForEncodings = 0;
			knownRegions = (
				en,
				Base,
			);
			mainGroup = CC449CC62BF6CAE800DBAD6F;
			productRefGroup = CC449CD02BF6CAE800DBAD6F /* Products */;
			projectDirPath = "";
			projectRoot = "";
			targets = (
				CC449CCE2BF6CAE800DBAD6F /* News */,
			);
		};
/* End PBXProject section */

/* Begin PBXResourcesBuildPhase section */
		CC449CCD2BF6CAE800DBAD6F /* Resources */ = {
			isa = PBXResourcesBuildPhase;
			buildActionMask = 2147483647;
			files = (
				CC449CDC2BF6CAEA00DBAD6F /* Assets.xcassets in Resources */,
				CCCCF3BA2BF6E1A70060F8AC /* DivkitDomain.podspec in Resources */,
				CC449CEC2BF6CFC100DBAD6F /* CommonCoreDi.podspec in Resources */,
				CCCCF3972BF6D9C00060F8AC /* BaseUiKit.podspec in Resources */,
				CCCCF3862BF6D3D80060F8AC /* CommonCoreNetwork.podspec in Resources */,
				CCCCF3E62BF6E44C0060F8AC /* DivkitData.podspec in Resources */,
			);
			runOnlyForDeploymentPostprocessing = 0;
		};
/* End PBXResourcesBuildPhase section */

/* Begin PBXShellScriptBuildPhase section */
		274E7BD09E76C89ED175BADF /* [CP] Check Pods Manifest.lock */ = {
			isa = PBXShellScriptBuildPhase;
			buildActionMask = 2147483647;
			files = (
			);
			inputFileListPaths = (
			);
			inputPaths = (
				"${PODS_PODFILE_DIR_PATH}/Podfile.lock",
				"${PODS_ROOT}/Manifest.lock",
			);
			name = "[CP] Check Pods Manifest.lock";
			outputFileListPaths = (
			);
			outputPaths = (
				"$(DERIVED_FILE_DIR)/Pods-News-checkManifestLockResult.txt",
			);
			runOnlyForDeploymentPostprocessing = 0;
			shellPath = /bin/sh;
			shellScript = "diff \"${PODS_PODFILE_DIR_PATH}/Podfile.lock\" \"${PODS_ROOT}/Manifest.lock\" > /dev/null\nif [ $? != 0 ] ; then\n    # print error to STDERR\n    echo \"error: The sandbox is not in sync with the Podfile.lock. Run 'pod install' or update your CocoaPods installation.\" >&2\n    exit 1\nfi\n# This output is used by Xcode 'outputs' to avoid re-running this script phase.\necho \"SUCCESS\" > \"${SCRIPT_OUTPUT_FILE_0}\"\n";
			showEnvVarsInLog = 0;
		};
		51A1BF12FE186DB421365724 /* [CP] Copy Pods Resources */ = {
			isa = PBXShellScriptBuildPhase;
			buildActionMask = 2147483647;
			files = (
			);
			inputFileListPaths = (
				"${PODS_ROOT}/Target Support Files/Pods-News/Pods-News-resources-${CONFIGURATION}-input-files.xcfilelist",
			);
			name = "[CP] Copy Pods Resources";
			outputFileListPaths = (
				"${PODS_ROOT}/Target Support Files/Pods-News/Pods-News-resources-${CONFIGURATION}-output-files.xcfilelist",
			);
			runOnlyForDeploymentPostprocessing = 0;
			shellPath = /bin/sh;
			shellScript = "\"${PODS_ROOT}/Target Support Files/Pods-News/Pods-News-resources.sh\"\n";
			showEnvVarsInLog = 0;
		};
/* End PBXShellScriptBuildPhase section */

/* Begin PBXSourcesBuildPhase section */
		CC449CCB2BF6CAE800DBAD6F /* Sources */ = {
			isa = PBXSourcesBuildPhase;
			buildActionMask = 2147483647;
			files = (
				CCCCF3BF2BF6E1D40060F8AC /* DivkitRepository.swift in Sources */,
				CCCCF4192BF6E5B80060F8AC /* DivkitHttpClientConfig.swift in Sources */,
				CCCCF3C52BF6E2610060F8AC /* GetViewDataUseCase.swift in Sources */,
				CCCCF3BD2BF6E1CC0060F8AC /* DivkitDomainModule.swift in Sources */,
				CC6A75712BF7BB44004ABDF2 /* PatchDataDto.swift in Sources */,
				CCCCF39A2BF6D9CF0060F8AC /* MvpDelegate.swift in Sources */,
				CCCCF3A72BF6E0360060F8AC /* UIViewUtils.swift in Sources */,
				CCCCF3C32BF6E2130060F8AC /* ViewPatchData.swift in Sources */,
				CCCCF3882BF6D5630060F8AC /* HttpClient.swift in Sources */,
				CC6A756F2BF7BA8F004ABDF2 /* ViewDataDto.swift in Sources */,
				CCCCF3822BF6D0A60060F8AC /* Inject.swift in Sources */,
				CCCCF3A22BF6DFB70060F8AC /* MvpUIView.swift in Sources */,
				CCCCF38A2BF6D5A20060F8AC /* NetworkModule.swift in Sources */,
				CCCCF39E2BF6DA5D0060F8AC /* MvpPresenter.swift in Sources */,
				CC449CD72BF6CAE800DBAD6F /* ViewController.swift in Sources */,
				CCCCF3A02BF6DE560060F8AC /* MvpViewController.swift in Sources */,
				CC449CD32BF6CAE800DBAD6F /* AppDelegate.swift in Sources */,
				CCCCF39C2BF6DA170060F8AC /* MvpView.swift in Sources */,
				CCCCF3FF2BF6E4960060F8AC /* DivkitHttpClient.swift in Sources */,
				CCCCF3C72BF6E2AA0060F8AC /* GetViewPatchDataUseCase.swift in Sources */,
				CCCCF41B2BF6E5CD0060F8AC /* DivkitHttpClientConfigProvider.swift in Sources */,
				CC449CD52BF6CAE800DBAD6F /* SceneDelegate.swift in Sources */,
				CCCCF3C12BF6E1EF0060F8AC /* ViewData.swift in Sources */,
				CC6A75772BF7C96B004ABDF2 /* DivkitDataModule.swift in Sources */,
				CCCCF41D2BF6E9850060F8AC /* DivkitNetworkDataSource.swift in Sources */,
				CC6A75732BF7C818004ABDF2 /* DivkitRepositoryImpl.swift in Sources */,
				CCCCF3A52BF6E0250060F8AC /* UIColorUtils.swift in Sources */,
			);
			runOnlyForDeploymentPostprocessing = 0;
		};
/* End PBXSourcesBuildPhase section */

/* Begin XCBuildConfiguration section */
		CC449CE12BF6CAEA00DBAD6F /* Debug */ = {
			isa = XCBuildConfiguration;
			buildSettings = {
				ALWAYS_SEARCH_USER_PATHS = NO;
				ASSETCATALOG_COMPILER_GENERATE_SWIFT_ASSET_SYMBOL_EXTENSIONS = YES;
				CLANG_ANALYZER_NONNULL = YES;
				CLANG_ANALYZER_NUMBER_OBJECT_CONVERSION = YES_AGGRESSIVE;
				CLANG_CXX_LANGUAGE_STANDARD = "gnu++20";
				CLANG_ENABLE_MODULES = YES;
				CLANG_ENABLE_OBJC_ARC = YES;
				CLANG_ENABLE_OBJC_WEAK = YES;
				CLANG_WARN_BLOCK_CAPTURE_AUTORELEASING = YES;
				CLANG_WARN_BOOL_CONVERSION = YES;
				CLANG_WARN_COMMA = YES;
				CLANG_WARN_CONSTANT_CONVERSION = YES;
				CLANG_WARN_DEPRECATED_OBJC_IMPLEMENTATIONS = YES;
				CLANG_WARN_DIRECT_OBJC_ISA_USAGE = YES_ERROR;
				CLANG_WARN_DOCUMENTATION_COMMENTS = YES;
				CLANG_WARN_EMPTY_BODY = YES;
				CLANG_WARN_ENUM_CONVERSION = YES;
				CLANG_WARN_INFINITE_RECURSION = YES;
				CLANG_WARN_INT_CONVERSION = YES;
				CLANG_WARN_NON_LITERAL_NULL_CONVERSION = YES;
				CLANG_WARN_OBJC_IMPLICIT_RETAIN_SELF = YES;
				CLANG_WARN_OBJC_LITERAL_CONVERSION = YES;
				CLANG_WARN_OBJC_ROOT_CLASS = YES_ERROR;
				CLANG_WARN_QUOTED_INCLUDE_IN_FRAMEWORK_HEADER = YES;
				CLANG_WARN_RANGE_LOOP_ANALYSIS = YES;
				CLANG_WARN_STRICT_PROTOTYPES = YES;
				CLANG_WARN_SUSPICIOUS_MOVE = YES;
				CLANG_WARN_UNGUARDED_AVAILABILITY = YES_AGGRESSIVE;
				CLANG_WARN_UNREACHABLE_CODE = YES;
				CLANG_WARN__DUPLICATE_METHOD_MATCH = YES;
				COPY_PHASE_STRIP = NO;
				DEBUG_INFORMATION_FORMAT = dwarf;
				ENABLE_STRICT_OBJC_MSGSEND = YES;
				ENABLE_TESTABILITY = YES;
				ENABLE_USER_SCRIPT_SANDBOXING = YES;
				GCC_C_LANGUAGE_STANDARD = gnu17;
				GCC_DYNAMIC_NO_PIC = NO;
				GCC_NO_COMMON_BLOCKS = YES;
				GCC_OPTIMIZATION_LEVEL = 0;
				GCC_PREPROCESSOR_DEFINITIONS = (
					"DEBUG=1",
					"$(inherited)",
				);
				GCC_WARN_64_TO_32_BIT_CONVERSION = YES;
				GCC_WARN_ABOUT_RETURN_TYPE = YES_ERROR;
				GCC_WARN_UNDECLARED_SELECTOR = YES;
				GCC_WARN_UNINITIALIZED_AUTOS = YES_AGGRESSIVE;
				GCC_WARN_UNUSED_FUNCTION = YES;
				GCC_WARN_UNUSED_VARIABLE = YES;
				IPHONEOS_DEPLOYMENT_TARGET = 17.4;
				LOCALIZATION_PREFERS_STRING_CATALOGS = YES;
				MTL_ENABLE_DEBUG_INFO = INCLUDE_SOURCE;
				MTL_FAST_MATH = YES;
				ONLY_ACTIVE_ARCH = YES;
				SDKROOT = iphoneos;
				SWIFT_ACTIVE_COMPILATION_CONDITIONS = "DEBUG $(inherited)";
				SWIFT_OPTIMIZATION_LEVEL = "-Onone";
			};
			name = Debug;
		};
		CC449CE22BF6CAEA00DBAD6F /* Release */ = {
			isa = XCBuildConfiguration;
			buildSettings = {
				ALWAYS_SEARCH_USER_PATHS = NO;
				ASSETCATALOG_COMPILER_GENERATE_SWIFT_ASSET_SYMBOL_EXTENSIONS = YES;
				CLANG_ANALYZER_NONNULL = YES;
				CLANG_ANALYZER_NUMBER_OBJECT_CONVERSION = YES_AGGRESSIVE;
				CLANG_CXX_LANGUAGE_STANDARD = "gnu++20";
				CLANG_ENABLE_MODULES = YES;
				CLANG_ENABLE_OBJC_ARC = YES;
				CLANG_ENABLE_OBJC_WEAK = YES;
				CLANG_WARN_BLOCK_CAPTURE_AUTORELEASING = YES;
				CLANG_WARN_BOOL_CONVERSION = YES;
				CLANG_WARN_COMMA = YES;
				CLANG_WARN_CONSTANT_CONVERSION = YES;
				CLANG_WARN_DEPRECATED_OBJC_IMPLEMENTATIONS = YES;
				CLANG_WARN_DIRECT_OBJC_ISA_USAGE = YES_ERROR;
				CLANG_WARN_DOCUMENTATION_COMMENTS = YES;
				CLANG_WARN_EMPTY_BODY = YES;
				CLANG_WARN_ENUM_CONVERSION = YES;
				CLANG_WARN_INFINITE_RECURSION = YES;
				CLANG_WARN_INT_CONVERSION = YES;
				CLANG_WARN_NON_LITERAL_NULL_CONVERSION = YES;
				CLANG_WARN_OBJC_IMPLICIT_RETAIN_SELF = YES;
				CLANG_WARN_OBJC_LITERAL_CONVERSION = YES;
				CLANG_WARN_OBJC_ROOT_CLASS = YES_ERROR;
				CLANG_WARN_QUOTED_INCLUDE_IN_FRAMEWORK_HEADER = YES;
				CLANG_WARN_RANGE_LOOP_ANALYSIS = YES;
				CLANG_WARN_STRICT_PROTOTYPES = YES;
				CLANG_WARN_SUSPICIOUS_MOVE = YES;
				CLANG_WARN_UNGUARDED_AVAILABILITY = YES_AGGRESSIVE;
				CLANG_WARN_UNREACHABLE_CODE = YES;
				CLANG_WARN__DUPLICATE_METHOD_MATCH = YES;
				COPY_PHASE_STRIP = NO;
				DEBUG_INFORMATION_FORMAT = "dwarf-with-dsym";
				ENABLE_NS_ASSERTIONS = NO;
				ENABLE_STRICT_OBJC_MSGSEND = YES;
				ENABLE_USER_SCRIPT_SANDBOXING = YES;
				GCC_C_LANGUAGE_STANDARD = gnu17;
				GCC_NO_COMMON_BLOCKS = YES;
				GCC_WARN_64_TO_32_BIT_CONVERSION = YES;
				GCC_WARN_ABOUT_RETURN_TYPE = YES_ERROR;
				GCC_WARN_UNDECLARED_SELECTOR = YES;
				GCC_WARN_UNINITIALIZED_AUTOS = YES_AGGRESSIVE;
				GCC_WARN_UNUSED_FUNCTION = YES;
				GCC_WARN_UNUSED_VARIABLE = YES;
				IPHONEOS_DEPLOYMENT_TARGET = 17.4;
				LOCALIZATION_PREFERS_STRING_CATALOGS = YES;
				MTL_ENABLE_DEBUG_INFO = NO;
				MTL_FAST_MATH = YES;
				SDKROOT = iphoneos;
				SWIFT_COMPILATION_MODE = wholemodule;
				VALIDATE_PRODUCT = YES;
			};
			name = Release;
		};
		CC449CE42BF6CAEA00DBAD6F /* Debug */ = {
			isa = XCBuildConfiguration;
			baseConfigurationReference = 22D0C577856C62D0508A6584 /* Pods-News.debug.xcconfig */;
			buildSettings = {
				ASSETCATALOG_COMPILER_APPICON_NAME = AppIcon;
				ASSETCATALOG_COMPILER_GLOBAL_ACCENT_COLOR_NAME = AccentColor;
				CODE_SIGN_STYLE = Automatic;
				CURRENT_PROJECT_VERSION = 1;
				DEVELOPMENT_TEAM = 7JCTFR9C8T;
				GENERATE_INFOPLIST_FILE = YES;
				INFOPLIST_FILE = News/Info.plist;
				INFOPLIST_KEY_UIApplicationSupportsIndirectInputEvents = YES;
				INFOPLIST_KEY_UILaunchStoryboardName = "";
				INFOPLIST_KEY_UIMainStoryboardFile = "";
				INFOPLIST_KEY_UISupportedInterfaceOrientations_iPad = "UIInterfaceOrientationPortrait UIInterfaceOrientationPortraitUpsideDown UIInterfaceOrientationLandscapeLeft UIInterfaceOrientationLandscapeRight";
				INFOPLIST_KEY_UISupportedInterfaceOrientations_iPhone = "UIInterfaceOrientationPortrait UIInterfaceOrientationLandscapeLeft UIInterfaceOrientationLandscapeRight";
				LD_RUNPATH_SEARCH_PATHS = (
					"$(inherited)",
					"@executable_path/Frameworks",
				);
				MARKETING_VERSION = 1.0;
				PRODUCT_BUNDLE_IDENTIFIER = ru.pyroman.News;
				PRODUCT_NAME = "$(TARGET_NAME)";
				SWIFT_EMIT_LOC_STRINGS = YES;
				SWIFT_VERSION = 5.0;
				TARGETED_DEVICE_FAMILY = "1,2";
			};
			name = Debug;
		};
		CC449CE52BF6CAEA00DBAD6F /* Release */ = {
			isa = XCBuildConfiguration;
			baseConfigurationReference = 7A2A3037599CDF34D5F27F24 /* Pods-News.release.xcconfig */;
			buildSettings = {
				ASSETCATALOG_COMPILER_APPICON_NAME = AppIcon;
				ASSETCATALOG_COMPILER_GLOBAL_ACCENT_COLOR_NAME = AccentColor;
				CODE_SIGN_STYLE = Automatic;
				CURRENT_PROJECT_VERSION = 1;
				DEVELOPMENT_TEAM = 7JCTFR9C8T;
				GENERATE_INFOPLIST_FILE = YES;
				INFOPLIST_FILE = News/Info.plist;
				INFOPLIST_KEY_UIApplicationSupportsIndirectInputEvents = YES;
				INFOPLIST_KEY_UILaunchStoryboardName = "";
				INFOPLIST_KEY_UIMainStoryboardFile = "";
				INFOPLIST_KEY_UISupportedInterfaceOrientations_iPad = "UIInterfaceOrientationPortrait UIInterfaceOrientationPortraitUpsideDown UIInterfaceOrientationLandscapeLeft UIInterfaceOrientationLandscapeRight";
				INFOPLIST_KEY_UISupportedInterfaceOrientations_iPhone = "UIInterfaceOrientationPortrait UIInterfaceOrientationLandscapeLeft UIInterfaceOrientationLandscapeRight";
				LD_RUNPATH_SEARCH_PATHS = (
					"$(inherited)",
					"@executable_path/Frameworks",
				);
				MARKETING_VERSION = 1.0;
				PRODUCT_BUNDLE_IDENTIFIER = ru.pyroman.News;
				PRODUCT_NAME = "$(TARGET_NAME)";
				SWIFT_EMIT_LOC_STRINGS = YES;
				SWIFT_VERSION = 5.0;
				TARGETED_DEVICE_FAMILY = "1,2";
			};
			name = Release;
		};
/* End XCBuildConfiguration section */

/* Begin XCConfigurationList section */
		CC449CCA2BF6CAE800DBAD6F /* Build configuration list for PBXProject "News" */ = {
			isa = XCConfigurationList;
			buildConfigurations = (
				CC449CE12BF6CAEA00DBAD6F /* Debug */,
				CC449CE22BF6CAEA00DBAD6F /* Release */,
			);
			defaultConfigurationIsVisible = 0;
			defaultConfigurationName = Release;
		};
		CC449CE32BF6CAEA00DBAD6F /* Build configuration list for PBXNativeTarget "News" */ = {
			isa = XCConfigurationList;
			buildConfigurations = (
				CC449CE42BF6CAEA00DBAD6F /* Debug */,
				CC449CE52BF6CAEA00DBAD6F /* Release */,
			);
			defaultConfigurationIsVisible = 0;
			defaultConfigurationName = Release;
		};
/* End XCConfigurationList section */
	};
	rootObject = CC449CC72BF6CAE800DBAD6F /* Project object */;
}
